
Microsoft Visual Studio Solution File, Format Version 12.00
# Visual Studio 15
VisualStudioVersion = 15.0.26730.16
MinimumVisualStudioVersion = 10.0.40219.1
Project("{FAE04EC0-301F-11D3-BF4B-00C04F79EFBC}") = "Payment", "Payment\Payment.csproj", "{58FDADD6-166B-4554-AECF-F4C853EE00F5}"
EndProject
Project("{FAE04EC0-301F-11D3-BF4B-00C04F79EFBC}") = "PaymentSystemUnitTest.Tests", "PaymentSystemUnitTest.Tests\PaymentSystemUnitTest.Tests.csproj", "{60CE2F97-7ACF-4C70-A217-97087E4C145F}"
EndProject
Global
	GlobalSection(SolutionConfigurationPlatforms) = preSolution
		Debug|Any CPU = Debug|Any CPU
		Release|Any CPU = Release|Any CPU
	EndGlobalSection
	GlobalSection(ProjectConfigurationPlatforms) = postSolution
		{58FDADD6-166B-4554-AECF-F4C853EE00F5}.Debug|Any CPU.ActiveCfg = Debug|Any CPU
		{58FDADD6-166B-4554-AECF-F4C853EE00F5}.Debug|Any CPU.Build.0 = Debug|Any CPU
		{58FDADD6-166B-4554-AECF-F4C853EE00F5}.Release|Any CPU.ActiveCfg = Release|Any CPU
		{58FDADD6-166B-4554-AECF-F4C853EE00F5}.Release|Any CPU.Build.0 = Release|Any CPU
		{60CE2F97-7ACF-4C70-A217-97087E4C145F}.Debug|Any CPU.ActiveCfg = Debug|Any CPU
		{60CE2F97-7ACF-4C70-A217-97087E4C145F}.Debug|Any CPU.Build.0 = Debug|Any CPU
		{60CE2F97-7ACF-4C70-A217-97087E4C145F}.Release|Any CPU.ActiveCfg = Release|Any CPU
		{60CE2F97-7ACF-4C70-A217-97087E4C145F}.Release|Any CPU.Build.0 = Release|Any CPU
	EndGlobalSection
	GlobalSection(SolutionProperties) = preSolution
		HideSolutionNode = FALSE
	EndGlobalSection
	GlobalSection(ExtensibilityGlobals) = postSolution
		SolutionGuid = {14131FC7-DE84-4078-8336-B4FB900B110D}
	EndGlobalSection
EndGlobal
